
Microsoft Visual Studio Solution File, Format Version 12.00
# Visual Studio 15
VisualStudioVersion = 15.0.27703.2035
MinimumVisualStudioVersion = 10.0.40219.1
Project("{FAE04EC0-301F-11D3-BF4B-00C04F79EFBC}") = "Task6", "Task6\Task6.csproj", "{251617F4-A5B1-42EB-97F6-CB9BE922B236}"
EndProject
Global
	GlobalSection(SolutionConfigurationPlatforms) = preSolution
		Debug|Any CPU = Debug|Any CPU
		Release|Any CPU = Release|Any CPU
	EndGlobalSection
	GlobalSection(ProjectConfigurationPlatforms) = postSolution
		{251617F4-A5B1-42EB-97F6-CB9BE922B236}.Debug|Any CPU.ActiveCfg = Debug|Any CPU
		{251617F4-A5B1-42EB-97F6-CB9BE922B236}.Debug|Any CPU.Build.0 = Debug|Any CPU
		{251617F4-A5B1-42EB-97F6-CB9BE922B236}.Release|Any CPU.ActiveCfg = Release|Any CPU
		{251617F4-A5B1-42EB-97F6-CB9BE922B236}.Release|Any CPU.Build.0 = Release|Any CPU
	EndGlobalSection
	GlobalSection(SolutionProperties) = preSolution
		HideSolutionNode = FALSE
	EndGlobalSection
	GlobalSection(ExtensibilityGlobals) = postSolution
		SolutionGuid = {FC66CD04-51E9-4025-B2ED-CD32EFFF0434}
	EndGlobalSection
EndGlobal
